
Microsoft Visual Studio Solution File, Format Version 12.00
# Visual Studio Version 16
VisualStudioVersion = 16.0.29905.134
MinimumVisualStudioVersion = 10.0.40219.1
Project("{FAE04EC0-301F-11D3-BF4B-00C04F79EFBC}") = "EmailGenerator.Core", "EmailGenerator.Core\EmailGenerator.Core.csproj", "{F512998E-D055-4342-A3D0-9229A8C1034D}"
EndProject
Global
	GlobalSection(SolutionConfigurationPlatforms) = preSolution
		Debug|Any CPU = Debug|Any CPU
		Release|Any CPU = Release|Any CPU
	EndGlobalSection
	GlobalSection(ProjectConfigurationPlatforms) = postSolution
		{F512998E-D055-4342-A3D0-9229A8C1034D}.Debug|Any CPU.ActiveCfg = Debug|Any CPU
		{F512998E-D055-4342-A3D0-9229A8C1034D}.Debug|Any CPU.Build.0 = Debug|Any CPU
		{F512998E-D055-4342-A3D0-9229A8C1034D}.Release|Any CPU.ActiveCfg = Release|Any CPU
		{F512998E-D055-4342-A3D0-9229A8C1034D}.Release|Any CPU.Build.0 = Release|Any CPU
	EndGlobalSection
	GlobalSection(SolutionProperties) = preSolution
		HideSolutionNode = FALSE
	EndGlobalSection
	GlobalSection(ExtensibilityGlobals) = postSolution
		SolutionGuid = {849FD125-D4F1-4C9F-AD79-B7EF610A42B0}
	EndGlobalSection
EndGlobal
